dependencies:
- name: grafana
  repository: https://grafana.github.io/helm-charts
  version: 10.5.15
- name: postgresql
  repository: https://charts.bitnami.com/bitnami
  version: 16.7.27
- name: valkey
  repository: https://charts.bitnami.com/bitnami
  version: 5.5.1
digest: sha256:ded6697fa004d999e991c0a56e9a8bfb5517ba09532dd7c333fe004ac9b03435
generated: "2026-05-02T14:36:07.200079206Z"
