dependencies:
- name: grafana
  repository: https://grafana.github.io/helm-charts
  version: 10.5.15
- name: postgresql
  repository: https://charts.bitnami.com/bitnami
  version: 18.6.2
- name: valkey
  repository: https://charts.bitnami.com/bitnami
  version: 5.5.1
digest: sha256:e7463d7f87ff3e5998502e6abf3699e0a7108d879fd07689f61a45ad1cb59d8b
generated: "2026-05-02T15:05:17.781108273Z"
